// !$*UTF8*$!
{
	archiveVersion = 1;
	classes = {
	};
	objectVersion = 77;
	objects = {

/* Begin PBXContainerItemProxy section */
		336E7D082E278C7A0075B921 /* PBXContainerItemProxy */ = {
			isa = PBXContainerItemProxy;
			containerPortal = 336E7CED2E278C750075B921 /* Project object */;
			proxyType = 1;
			remoteGlobalIDString = 336E7CF42E278C760075B921;
			remoteInfo = myBiography;
		};
		336E7D122E278C7A0075B921 /* PBXContainerItemProxy */ = {
			isa = PBXContainerItemProxy;
			containerPortal = 336E7CED2E278C750075B921 /* Project object */;
			proxyType = 1;
			remoteGlobalIDString = 336E7CF42E278C760075B921;
			remoteInfo = myBiography;
		};
/* End PBXContainerItemProxy section */

/* Begin PBXFileReference section */
		336E7CF52E278C760075B921 /* myBiography.app */ = {isa = PBXFileReference; explicitFileType = wrapper.application; includeInIndex = 0; path = myBiography.app; sourceTree = BUILT_PRODUCTS_DIR; };
		336E7D072E278C7A0075B921 /* myBiographyTests.xctest */ = {isa = PBXFileReference; explicitFileType = wrapper.cfbundle; includeInIndex = 0; path = myBiographyTests.xctest; sourceTree = BUILT_PRODUCTS_DIR; };
		336E7D112E278C7A0075B921 /* myBiographyUITests.xctest */ = {isa = PBXFileReference; explicitFileType = wrapper.cfbundle; includeInIndex = 0; path = myBiographyUITests.xctest; sourceTree = BUILT_PRODUCTS_DIR; };
/* End PBXFileReference section */

/* Begin PBXFileSystemSynchronizedBuildFileExceptionSet section */
		33D40C022E2F78470044DE01 /* Exceptions for "myBiography" folder in "myBiography" target */ = {
			isa = PBXFileSystemSynchronizedBuildFileExceptionSet;
			membershipExceptions = (
				Info.plist,
			);
			target = 336E7CF42E278C760075B921 /* myBiography */;
		};
/* End PBXFileSystemSynchronizedBuildFileExceptionSet section */

/* Begin PBXFileSystemSynchronizedRootGroup section */
		336E7CF72E278C760075B921 /* myBiography */ = {
			isa = PBXFileSystemSynchronizedRootGroup;
			exceptions = (
				33D40C022E2F78470044DE01 /* Exceptions for "myBiography" folder in "myBiography" target */,
			);
			path = myBiography;
			sourceTree = "<group>";
		};
		336E7D0A2E278C7A0075B921 /* myBiographyTests */ = {
			isa = PBXFileSystemSynchronizedRootGroup;
			path = myBiographyTests;
			sourceTree = "<group>";
		};
		336E7D142E278C7A0075B921 /* myBiographyUITests */ = {
			isa = PBXFileSystemSynchronizedRootGroup;
			path = myBiographyUITests;
			sourceTree = "<group>";
		};
/* End PBXFileSystemSynchronizedRootGroup section */

/* Begin PBXFrameworksBuildPhase section */
		336E7CF22E278C760075B921 /* Frameworks */ = {
			isa = PBXFrameworksBuildPhase;
			buildActionMask = 2147483647;
			files = (
			);
			runOnlyForDeploymentPostprocessing = 0;
		};
		336E7D042E278C7A0075B921 /* Frameworks */ = {
			isa = PBXFrameworksBuildPhase;
			buildActionMask = 2147483647;
			files = (
			);
			runOnlyForDeploymentPostprocessing = 0;
		};
		336E7D0E2E278C7A0075B921 /* Frameworks */ = {
			isa = PBXFrameworksBuildPhase;
			buildActionMask = 2147483647;
			files = (
			);
			runOnlyForDeploymentPostprocessing = 0;
		};
/* End PBXFrameworksBuildPhase section */

/* Begin PBXGroup section */
		336E7CEC2E278C750075B921 = {
			isa = PBXGroup;
			children = (
				336E7CF72E278C760075B921 /* myBiography */,
				336E7D0A2E278C7A0075B921 /* myBiographyTests */,
				336E7D142E278C7A0075B921 /* myBiographyUITests */,
				336E7CF62E278C760075B921 /* Products */,
			);
			sourceTree = "<group>";
		};
		336E7CF62E278C760075B921 /* Products */ = {
			isa = PBXGroup;
			children = (
				336E7CF52E278C760075B921 /* myBiography.app */,
				336E7D072E278C7A0075B921 /* myBiographyTests.xctest */,
				336E7D112E278C7A0075B921 /* myBiographyUITests.xctest */,
			);
			name = Products;
			sourceTree = "<group>";
		};
/* End PBXGroup section */

/* Begin PBXNativeTarget section */
		336E7CF42E278C760075B921 /* myBiography */ = {
			isa = PBXNativeTarget;
			buildConfigurationList = 336E7D1B2E278C7A0075B921 /* Build configuration list for PBXNativeTarget "myBiography" */;
			buildPhases = (
				336E7CF12E278C760075B921 /* Sources */,
				336E7CF22E278C760075B921 /* Frameworks */,
				336E7CF32E278C760075B921 /* Resources */,
			);
			buildRules = (
			);
			dependencies = (
			);
			fileSystemSynchronizedGroups = (
				336E7CF72E278C760075B921 /* myBiography */,
			);
			name = myBiography;
			packageProductDependencies = (
			);
			productName = myBiography;
			productReference = 336E7CF52E278C760075B921 /* myBiography.app */;
			productType = "com.apple.product-type.application";
		};
		336E7D062E278C7A0075B921 /* myBiographyTests */ = {
			isa = PBXNativeTarget;
			buildConfigurationList = 336E7D1E2E278C7A0075B921 /* Build configuration list for PBXNativeTarget "myBiographyTests" */;
			buildPhases = (
				336E7D032E278C7A0075B921 /* Sources */,
				336E7D042E278C7A0075B921 /* Frameworks */,
				336E7D052E278C7A0075B921 /* Resources */,
			);
			buildRules = (
			);
			dependencies = (
				336E7D092E278C7A0075B921 /* PBXTargetDependency */,
			);
			fileSystemSynchronizedGroups = (
				336E7D0A2E278C7A0075B921 /* myBiographyTests */,
			);
			name = myBiographyTests;
			packageProductDependencies = (
			);
			productName = myBiographyTests;
			productReference = 336E7D072E278C7A0075B921 /* myBiographyTests.xctest */;
			productType = "com.apple.product-type.bundle.unit-test";
		};
		336E7D102E278C7A0075B921 /* myBiographyUITests */ = {
			isa = PBXNativeTarget;
			buildConfigurationList = 336E7D212E278C7A0075B921 /* Build configuration list for PBXNativeTarget "myBiographyUITests" */;
			buildPhases = (
				336E7D0D2E278C7A0075B921 /* Sources */,
				336E7D0E2E278C7A0075B921 /* Frameworks */,
				336E7D0F2E278C7A0075B921 /* Resources */,
			);
			buildRules = (
			);
			dependencies = (
				336E7D132E278C7A0075B921 /* PBXTargetDependency */,
			);
			fileSystemSynchronizedGroups = (
				336E7D142E278C7A0075B921 /* myBiographyUITests */,
			);
			name = myBiographyUITests;
			packageProductDependencies = (
			);
			productName = myBiographyUITests;
			productReference = 336E7D112E278C7A0075B921 /* myBiographyUITests.xctest */;
			productType = "com.apple.product-type.bundle.ui-testing";
		};
/* End PBXNativeTarget section */

/* Begin PBXProject section */
		336E7CED2E278C750075B921 /* Project object */ = {
			isa = PBXProject;
			attributes = {
				BuildIndependentTargetsInParallel = 1;
				LastSwiftUpdateCheck = 1640;
				LastUpgradeCheck = 1640;
				TargetAttributes = {
					336E7CF42E278C760075B921 = {
						CreatedOnToolsVersion = 16.4;
					};
					336E7D062E278C7A0075B921 = {
						CreatedOnToolsVersion = 16.4;
						TestTargetID = 336E7CF42E278C760075B921;
					};
					336E7D102E278C7A0075B921 = {
						CreatedOnToolsVersion = 16.4;
						TestTargetID = 336E7CF42E278C760075B921;
					};
				};
			};
			buildConfigurationList = 336E7CF02E278C750075B921 /* Build configuration list for PBXProject "myBiography" */;
			developmentRegion = en;
			hasScannedForEncodings = 0;
			knownRegions = (
				en,
				Base,
			);
			mainGroup = 336E7CEC2E278C750075B921;
			minimizedProjectReferenceProxies = 1;
			preferredProjectObjectVersion = 77;
			productRefGroup = 336E7CF62E278C760075B921 /* Products */;
			projectDirPath = "";
			projectRoot = "";
			targets = (
				336E7CF42E278C760075B921 /* myBiography */,
				336E7D062E278C7A0075B921 /* myBiographyTests */,
				336E7D102E278C7A0075B921 /* myBiographyUITests */,
			);
		};
/* End PBXProject section */

/* Begin PBXResourcesBuildPhase section */
		336E7CF32E278C760075B921 /* Resources */ = {
			isa = PBXResourcesBuildPhase;
			buildActionMask = 2147483647;
			files = (
			);
			runOnlyForDeploymentPostprocessing = 0;
		};
		336E7D052E278C7A0075B921 /* Resources */ = {
			isa = PBXResourcesBuildPhase;
			buildActionMask = 2147483647;
			files = (
			);
			runOnlyForDeploymentPostprocessing = 0;
		};
		336E7D0F2E278C7A0075B921 /* Resources */ = {
			isa = PBXResourcesBuildPhase;
			buildActionMask = 2147483647;
			files = (
			);
			runOnlyForDeploymentPostprocessing = 0;
		};
/* End PBXResourcesBuildPhase section */

/* Begin PBXSourcesBuildPhase section */
		336E7CF12E278C760075B921 /* Sources */ = {
			isa = PBXSourcesBuildPhase;
			buildActionMask = 2147483647;
			files = (
			);
			runOnlyForDeploymentPostprocessing = 0;
		};
		336E7D032E278C7A0075B921 /* Sources */ = {
			isa = PBXSourcesBuildPhase;
			buildActionMask = 2147483647;
			files = (
			);
			runOnlyForDeploymentPostprocessing = 0;
		};
		336E7D0D2E278C7A0075B921 /* Sources */ = {
			isa = PBXSourcesBuildPhase;
			buildActionMask = 2147483647;
			files = (
			);
			runOnlyForDeploymentPostprocessing = 0;
		};
/* End PBXSourcesBuildPhase section */

/* Begin PBXTargetDependency section */
		336E7D092E278C7A0075B921 /* PBXTargetDependency */ = {
			isa = PBXTargetDependency;
			target = 336E7CF42E278C760075B921 /* myBiography */;
			targetProxy = 336E7D082E278C7A0075B921 /* PBXContainerItemProxy */;
		};
		336E7D132E278C7A0075B921 /* PBXTargetDependency */ = {
			isa = PBXTargetDependency;
			target = 336E7CF42E278C760075B921 /* myBiography */;
			targetProxy = 336E7D122E278C7A0075B921 /* PBXContainerItemProxy */;
		};
/* End PBXTargetDependency section */

/* Begin XCBuildConfiguration section */
		336E7D192E278C7A0075B921 /* Debug */ = {
			isa = XCBuildConfiguration;
			buildSettings = {
				ALWAYS_SEARCH_USER_PATHS = NO;
				ASSETCATALOG_COMPILER_GENERATE_SWIFT_ASSET_SYMBOL_EXTENSIONS = YES;
				CLANG_ANALYZER_NONNULL = YES;
				CLANG_ANALYZER_NUMBER_OBJECT_CONVERSION = YES_AGGRESSIVE;
				CLANG_CXX_LANGUAGE_STANDARD = "gnu++20";
				CLANG_ENABLE_MODULES = YES;
				CLANG_ENABLE_OBJC_ARC = YES;
				CLANG_ENABLE_OBJC_WEAK = YES;
				CLANG_WARN_BLOCK_CAPTURE_AUTORELEASING = YES;
				CLANG_WARN_BOOL_CONVERSION = YES;
				CLANG_WARN_COMMA = YES;
				CLANG_WARN_CONSTANT_CONVERSION = YES;
				CLANG_WARN_DEPRECATED_OBJC_IMPLEMENTATIONS = YES;
				CLANG_WARN_DIRECT_OBJC_ISA_USAGE = YES_ERROR;
				CLANG_WARN_DOCUMENTATION_COMMENTS = YES;
				CLANG_WARN_EMPTY_BODY = YES;
				CLANG_WARN_ENUM_CONVERSION = YES;
				CLANG_WARN_INFINITE_RECURSION = YES;
				CLANG_WARN_INT_CONVERSION = YES;
				CLANG_WARN_NON_LITERAL_NULL_CONVERSION = YES;
				CLANG_WARN_OBJC_IMPLICIT_RETAIN_SELF = YES;
				CLANG_WARN_OBJC_LITERAL_CONVERSION = YES;
				CLANG_WARN_OBJC_ROOT_CLASS = YES_ERROR;
				CLANG_WARN_QUOTED_INCLUDE_IN_FRAMEWORK_HEADER = YES;
				CLANG_WARN_RANGE_LOOP_ANALYSIS = YES;
				CLANG_WARN_STRICT_PROTOTYPES = YES;
				CLANG_WARN_SUSPICIOUS_MOVE = YES;
				CLANG_WARN_UNGUARDED_AVAILABILITY = YES_AGGRESSIVE;
				CLANG_WARN_UNREACHABLE_CODE = YES;
				CLANG_WARN__DUPLICATE_METHOD_MATCH = YES;
				COPY_PHASE_STRIP = NO;
				DEBUG_INFORMATION_FORMAT = dwarf;
				ENABLE_STRICT_OBJC_MSGSEND = YES;
				ENABLE_TESTABILITY = YES;
				ENABLE_USER_SCRIPT_SANDBOXING = YES;
				GCC_C_LANGUAGE_STANDARD = gnu17;
				GCC_DYNAMIC_NO_PIC = NO;
				GCC_NO_COMMON_BLOCKS = YES;
				GCC_OPTIMIZATION_LEVEL = 0;
				GCC_PREPROCESSOR_DEFINITIONS = (
					"DEBUG=1",
					"$(inherited)",
				);
				GCC_WARN_64_TO_32_BIT_CONVERSION = YES;
				GCC_WARN_ABOUT_RETURN_TYPE = YES_ERROR;
				GCC_WARN_UNDECLARED_SELECTOR = YES;
				GCC_WARN_UNINITIALIZED_AUTOS = YES_AGGRESSIVE;
				GCC_WARN_UNUSED_FUNCTION = YES;
				GCC_WARN_UNUSED_VARIABLE = YES;
				IPHONEOS_DEPLOYMENT_TARGET = 18.5;
				LOCALIZATION_PREFERS_STRING_CATALOGS = YES;
				MTL_ENABLE_DEBUG_INFO = INCLUDE_SOURCE;
				MTL_FAST_MATH = YES;
				ONLY_ACTIVE_ARCH = YES;
				SDKROOT = iphoneos;
				SWIFT_ACTIVE_COMPILATION_CONDITIONS = "DEBUG $(inherited)";
				SWIFT_OPTIMIZATION_LEVEL = "-Onone";
			};
			name = Debug;
		};
		336E7D1A2E278C7A0075B921 /* Release */ = {
			isa = XCBuildConfiguration;
			buildSettings = {
				ALWAYS_SEARCH_USER_PATHS = NO;
				ASSETCATALOG_COMPILER_GENERATE_SWIFT_ASSET_SYMBOL_EXTENSIONS = YES;
				CLANG_ANALYZER_NONNULL = YES;
				CLANG_ANALYZER_NUMBER_OBJECT_CONVERSION = YES_AGGRESSIVE;
				CLANG_CXX_LANGUAGE_STANDARD = "gnu++20";
				CLANG_ENABLE_MODULES = YES;
				CLANG_ENABLE_OBJC_ARC = YES;
				CLANG_ENABLE_OBJC_WEAK = YES;
				CLANG_WARN_BLOCK_CAPTURE_AUTORELEASING = YES;
				CLANG_WARN_BOOL_CONVERSION = YES;
				CLANG_WARN_COMMA = YES;
				CLANG_WARN_CONSTANT_CONVERSION = YES;
				CLANG_WARN_DEPRECATED_OBJC_IMPLEMENTATIONS = YES;
				CLANG_WARN_DIRECT_OBJC_ISA_USAGE = YES_ERROR;
				CLANG_WARN_DOCUMENTATION_COMMENTS = YES;
				CLANG_WARN_EMPTY_BODY = YES;
				CLANG_WARN_ENUM_CONVERSION = YES;
				CLANG_WARN_INFINITE_RECURSION = YES;
				CLANG_WARN_INT_CONVERSION = YES;
				CLANG_WARN_NON_LITERAL_NULL_CONVERSION = YES;
				CLANG_WARN_OBJC_IMPLICIT_RETAIN_SELF = YES;
				CLANG_WARN_OBJC_LITERAL_CONVERSION = YES;
				CLANG_WARN_OBJC_ROOT_CLASS = YES_ERROR;
				CLANG_WARN_QUOTED_INCLUDE_IN_FRAMEWORK_HEADER = YES;
				CLANG_WARN_RANGE_LOOP_ANALYSIS = YES;
				CLANG_WARN_STRICT_PROTOTYPES = YES;
				CLANG_WARN_SUSPICIOUS_MOVE = YES;
				CLANG_WARN_UNGUARDED_AVAILABILITY = YES_AGGRESSIVE;
				CLANG_WARN_UNREACHABLE_CODE = YES;
				CLANG_WARN__DUPLICATE_METHOD_MATCH = YES;
				COPY_PHASE_STRIP = NO;
				DEBUG_INFORMATION_FORMAT = "dwarf-with-dsym";
				ENABLE_NS_ASSERTIONS = NO;
				ENABLE_STRICT_OBJC_MSGSEND = YES;
				ENABLE_USER_SCRIPT_SANDBOXING = YES;
				GCC_C_LANGUAGE_STANDARD = gnu17;
				GCC_NO_COMMON_BLOCKS = YES;
				GCC_WARN_64_TO_32_BIT_CONVERSION = YES;
				GCC_WARN_ABOUT_RETURN_TYPE = YES_ERROR;
				GCC_WARN_UNDECLARED_SELECTOR = YES;
				GCC_WARN_UNINITIALIZED_AUTOS = YES_AGGRESSIVE;
				GCC_WARN_UNUSED_FUNCTION = YES;
				GCC_WARN_UNUSED_VARIABLE = YES;
				IPHONEOS_DEPLOYMENT_TARGET = 18.5;
				LOCALIZATION_PREFERS_STRING_CATALOGS = YES;
				MTL_ENABLE_DEBUG_INFO = NO;
				MTL_FAST_MATH = YES;
				SDKROOT = iphoneos;
				SWIFT_COMPILATION_MODE = wholemodule;
				VALIDATE_PRODUCT = YES;
			};
			name = Release;
		};
		336E7D1C2E278C7A0075B921 /* Debug */ = {
			isa = XCBuildConfiguration;
			buildSettings = {
				ASSETCATALOG_COMPILER_APPICON_NAME = AppIcon;
				ASSETCATALOG_COMPILER_GLOBAL_ACCENT_COLOR_NAME = AccentColor;
				CODE_SIGN_STYLE = Automatic;
				CURRENT_PROJECT_VERSION = 1;
				DEVELOPMENT_TEAM = 3PHTNTRAKJ;
				ENABLE_PREVIEWS = YES;
				GENERATE_INFOPLIST_FILE = YES;
				INFOPLIST_FILE = myBiography/Info.plist;
				INFOPLIST_KEY_NSMicrophoneUsageDescription = "需要使用麦克风录音老人讲述的内容";
				INFOPLIST_KEY_NSSpeechRecognitionUsageDescription = "将录音内容转换为文字，用于生成回忆录";
				INFOPLIST_KEY_UIApplicationSceneManifest_Generation = YES;
				INFOPLIST_KEY_UIApplicationSupportsIndirectInputEvents = YES;
				INFOPLIST_KEY_UILaunchScreen_Generation = YES;
				INFOPLIST_KEY_UISupportedInterfaceOrientations_iPad = "UIInterfaceOrientationPortrait UIInterfaceOrientationPortraitUpsideDown UIInterfaceOrientationLandscapeLeft UIInterfaceOrientationLandscapeRight";
				INFOPLIST_KEY_UISupportedInterfaceOrientations_iPhone = "UIInterfaceOrientationPortrait UIInterfaceOrientationLandscapeLeft UIInterfaceOrientationLandscapeRight";
				LD_RUNPATH_SEARCH_PATHS = (
					"$(inherited)",
					"@executable_path/Frameworks",
				);
				MARKETING_VERSION = 1.0;
				PRODUCT_BUNDLE_IDENTIFIER = com.qiqiao.myBiography;
				PRODUCT_NAME = "$(TARGET_NAME)";
				SWIFT_EMIT_LOC_STRINGS = YES;
				SWIFT_VERSION = 5.0;
				TARGETED_DEVICE_FAMILY = "1,2";
			};
			name = Debug;
		};
		336E7D1D2E278C7A0075B921 /* Release */ = {
			isa = XCBuildConfiguration;
			buildSettings = {
				ASSETCATALOG_COMPILER_APPICON_NAME = AppIcon;
				ASSETCATALOG_COMPILER_GLOBAL_ACCENT_COLOR_NAME = AccentColor;
				CODE_SIGN_STYLE = Automatic;
				CURRENT_PROJECT_VERSION = 1;
				DEVELOPMENT_TEAM = 3PHTNTRAKJ;
				ENABLE_PREVIEWS = YES;
				GENERATE_INFOPLIST_FILE = YES;
				INFOPLIST_FILE = myBiography/Info.plist;
				INFOPLIST_KEY_NSMicrophoneUsageDescription = "需要使用麦克风录音老人讲述的内容";
				INFOPLIST_KEY_NSSpeechRecognitionUsageDescription = "将录音内容转换为文字，用于生成回忆录";
				INFOPLIST_KEY_UIApplicationSceneManifest_Generation = YES;
				INFOPLIST_KEY_UIApplicationSupportsIndirectInputEvents = YES;
				INFOPLIST_KEY_UILaunchScreen_Generation = YES;
				INFOPLIST_KEY_UISupportedInterfaceOrientations_iPad = "UIInterfaceOrientationPortrait UIInterfaceOrientationPortraitUpsideDown UIInterfaceOrientationLandscapeLeft UIInterfaceOrientationLandscapeRight";
				INFOPLIST_KEY_UISupportedInterfaceOrientations_iPhone = "UIInterfaceOrientationPortrait UIInterfaceOrientationLandscapeLeft UIInterfaceOrientationLandscapeRight";
				LD_RUNPATH_SEARCH_PATHS = (
					"$(inherited)",
					"@executable_path/Frameworks",
				);
				MARKETING_VERSION = 1.0;
				PRODUCT_BUNDLE_IDENTIFIER = com.qiqiao.myBiography;
				PRODUCT_NAME = "$(TARGET_NAME)";
				SWIFT_EMIT_LOC_STRINGS = YES;
				SWIFT_VERSION = 5.0;
				TARGETED_DEVICE_FAMILY = "1,2";
			};
			name = Release;
		};
		336E7D1F2E278C7A0075B921 /* Debug */ = {
			isa = XCBuildConfiguration;
			buildSettings = {
				BUNDLE_LOADER = "$(TEST_HOST)";
				CODE_SIGN_STYLE = Automatic;
				CURRENT_PROJECT_VERSION = 1;
				GENERATE_INFOPLIST_FILE = YES;
				IPHONEOS_DEPLOYMENT_TARGET = 18.5;
				MARKETING_VERSION = 1.0;
				PRODUCT_BUNDLE_IDENTIFIER = com.qiqiao.myBiographyTests;
				PRODUCT_NAME = "$(TARGET_NAME)";
				SWIFT_EMIT_LOC_STRINGS = NO;
				SWIFT_VERSION = 5.0;
				TARGETED_DEVICE_FAMILY = "1,2";
				TEST_HOST = "$(BUILT_PRODUCTS_DIR)/myBiography.app/$(BUNDLE_EXECUTABLE_FOLDER_PATH)/myBiography";
			};
			name = Debug;
		};
		336E7D202E278C7A0075B921 /* Release */ = {
			isa = XCBuildConfiguration;
			buildSettings = {
				BUNDLE_LOADER = "$(TEST_HOST)";
				CODE_SIGN_STYLE = Automatic;
				CURRENT_PROJECT_VERSION = 1;
				GENERATE_INFOPLIST_FILE = YES;
				IPHONEOS_DEPLOYMENT_TARGET = 18.5;
				MARKETING_VERSION = 1.0;
				PRODUCT_BUNDLE_IDENTIFIER = com.qiqiao.myBiographyTests;
				PRODUCT_NAME = "$(TARGET_NAME)";
				SWIFT_EMIT_LOC_STRINGS = NO;
				SWIFT_VERSION = 5.0;
				TARGETED_DEVICE_FAMILY = "1,2";
				TEST_HOST = "$(BUILT_PRODUCTS_DIR)/myBiography.app/$(BUNDLE_EXECUTABLE_FOLDER_PATH)/myBiography";
			};
			name = Release;
		};
		336E7D222E278C7A0075B921 /* Debug */ = {
			isa = XCBuildConfiguration;
			buildSettings = {
				CODE_SIGN_STYLE = Automatic;
				CURRENT_PROJECT_VERSION = 1;
				GENERATE_INFOPLIST_FILE = YES;
				MARKETING_VERSION = 1.0;
				PRODUCT_BUNDLE_IDENTIFIER = com.qiqiao.myBiographyUITests;
				PRODUCT_NAME = "$(TARGET_NAME)";
				SWIFT_EMIT_LOC_STRINGS = NO;
				SWIFT_VERSION = 5.0;
				TARGETED_DEVICE_FAMILY = "1,2";
				TEST_TARGET_NAME = myBiography;
			};
			name = Debug;
		};
		336E7D232E278C7A0075B921 /* Release */ = {
			isa = XCBuildConfiguration;
			buildSettings = {
				CODE_SIGN_STYLE = Automatic;
				CURRENT_PROJECT_VERSION = 1;
				GENERATE_INFOPLIST_FILE = YES;
				MARKETING_VERSION = 1.0;
				PRODUCT_BUNDLE_IDENTIFIER = com.qiqiao.myBiographyUITests;
				PRODUCT_NAME = "$(TARGET_NAME)";
				SWIFT_EMIT_LOC_STRINGS = NO;
				SWIFT_VERSION = 5.0;
				TARGETED_DEVICE_FAMILY = "1,2";
				TEST_TARGET_NAME = myBiography;
			};
			name = Release;
		};
/* End XCBuildConfiguration section */

/* Begin XCConfigurationList section */
		336E7CF02E278C750075B921 /* Build configuration list for PBXProject "myBiography" */ = {
			isa = XCConfigurationList;
			buildConfigurations = (
				336E7D192E278C7A0075B921 /* Debug */,
				336E7D1A2E278C7A0075B921 /* Release */,
			);
			defaultConfigurationIsVisible = 0;
			defaultConfigurationName = Release;
		};
		336E7D1B2E278C7A0075B921 /* Build configuration list for PBXNativeTarget "myBiography" */ = {
			isa = XCConfigurationList;
			buildConfigurations = (
				336E7D1C2E278C7A0075B921 /* Debug */,
				336E7D1D2E278C7A0075B921 /* Release */,
			);
			defaultConfigurationIsVisible = 0;
			defaultConfigurationName = Release;
		};
		336E7D1E2E278C7A0075B921 /* Build configuration list for PBXNativeTarget "myBiographyTests" */ = {
			isa = XCConfigurationList;
			buildConfigurations = (
				336E7D1F2E278C7A0075B921 /* Debug */,
				336E7D202E278C7A0075B921 /* Release */,
			);
			defaultConfigurationIsVisible = 0;
			defaultConfigurationName = Release;
		};
		336E7D212E278C7A0075B921 /* Build configuration list for PBXNativeTarget "myBiographyUITests" */ = {
			isa = XCConfigurationList;
			buildConfigurations = (
				336E7D222E278C7A0075B921 /* Debug */,
				336E7D232E278C7A0075B921 /* Release */,
			);
			defaultConfigurationIsVisible = 0;
			defaultConfigurationName = Release;
		};
/* End XCConfigurationList section */
	};
	rootObject = 336E7CED2E278C750075B921 /* Project object */;
}
